
Microsoft Visual Studio Solution File, Format Version 12.00
# Visual Studio Version 16
VisualStudioVersion = 16.0.31424.327
MinimumVisualStudioVersion = 10.0.40219.1
Project("{FAE04EC0-301F-11D3-BF4B-00C04F79EFBC}") = "MYTHIRDLECTURE1", "MYTHIRDLECTURE1.csproj", "{E36F8176-BDC0-4B86-9221-9D81012E0167}"
EndProject
Global
	GlobalSection(SolutionConfigurationPlatforms) = preSolution
		Debug|Any CPU = Debug|Any CPU
		Release|Any CPU = Release|Any CPU
	EndGlobalSection
	GlobalSection(ProjectConfigurationPlatforms) = postSolution
		{E36F8176-BDC0-4B86-9221-9D81012E0167}.Debug|Any CPU.ActiveCfg = Debug|Any CPU
		{E36F8176-BDC0-4B86-9221-9D81012E0167}.Debug|Any CPU.Build.0 = Debug|Any CPU
		{E36F8176-BDC0-4B86-9221-9D81012E0167}.Release|Any CPU.ActiveCfg = Release|Any CPU
		{E36F8176-BDC0-4B86-9221-9D81012E0167}.Release|Any CPU.Build.0 = Release|Any CPU
	EndGlobalSection
	GlobalSection(SolutionProperties) = preSolution
		HideSolutionNode = FALSE
	EndGlobalSection
	GlobalSection(ExtensibilityGlobals) = postSolution
		SolutionGuid = {A27B3FC3-3B5B-4E6D-A1D7-3C9FC441A0BC}
	EndGlobalSection
EndGlobal
